
Microsoft Visual Studio Solution File, Format Version 12.00
# Visual Studio Version 17
VisualStudioVersion = 17.10.35004.147
MinimumVisualStudioVersion = 10.0.40219.1
Project("{8BC9CEB8-8B4A-11D0-8D11-00A0C91BC942}") = "3.10.2 Simple DLL lib", "3.10.2 Simple DLL lib\3.10.2 Simple DLL lib.vcxproj", "{1F961DA4-B270-437D-9A89-71FEC4214887}"
EndProject
Project("{8BC9CEB8-8B4A-11D0-8D11-00A0C91BC942}") = "LeaverDLlib", "LeaverDLlib\LeaverDLlib.vcxproj", "{E4EE0235-5BA5-4A4D-AEFF-1B47D5BEAA07}"
EndProject
Global
	GlobalSection(SolutionConfigurationPlatforms) = preSolution
		Debug|x64 = Debug|x64
		Debug|x86 = Debug|x86
		Release|x64 = Release|x64
		Release|x86 = Release|x86
	EndGlobalSection
	GlobalSection(ProjectConfigurationPlatforms) = postSolution
		{1F961DA4-B270-437D-9A89-71FEC4214887}.Debug|x64.ActiveCfg = Debug|x64
		{1F961DA4-B270-437D-9A89-71FEC4214887}.Debug|x64.Build.0 = Debug|x64
		{1F961DA4-B270-437D-9A89-71FEC4214887}.Debug|x86.ActiveCfg = Debug|Win32
		{1F961DA4-B270-437D-9A89-71FEC4214887}.Debug|x86.Build.0 = Debug|Win32
		{1F961DA4-B270-437D-9A89-71FEC4214887}.Release|x64.ActiveCfg = Release|x64
		{1F961DA4-B270-437D-9A89-71FEC4214887}.Release|x64.Build.0 = Release|x64
		{1F961DA4-B270-437D-9A89-71FEC4214887}.Release|x86.ActiveCfg = Release|Win32
		{1F961DA4-B270-437D-9A89-71FEC4214887}.Release|x86.Build.0 = Release|Win32
		{E4EE0235-5BA5-4A4D-AEFF-1B47D5BEAA07}.Debug|x64.ActiveCfg = Debug|x64
		{E4EE0235-5BA5-4A4D-AEFF-1B47D5BEAA07}.Debug|x64.Build.0 = Debug|x64
		{E4EE0235-5BA5-4A4D-AEFF-1B47D5BEAA07}.Debug|x86.ActiveCfg = Debug|Win32
		{E4EE0235-5BA5-4A4D-AEFF-1B47D5BEAA07}.Debug|x86.Build.0 = Debug|Win32
		{E4EE0235-5BA5-4A4D-AEFF-1B47D5BEAA07}.Release|x64.ActiveCfg = Release|x64
		{E4EE0235-5BA5-4A4D-AEFF-1B47D5BEAA07}.Release|x64.Build.0 = Release|x64
		{E4EE0235-5BA5-4A4D-AEFF-1B47D5BEAA07}.Release|x86.ActiveCfg = Release|Win32
		{E4EE0235-5BA5-4A4D-AEFF-1B47D5BEAA07}.Release|x86.Build.0 = Release|Win32
	EndGlobalSection
	GlobalSection(SolutionProperties) = preSolution
		HideSolutionNode = FALSE
	EndGlobalSection
	GlobalSection(ExtensibilityGlobals) = postSolution
		SolutionGuid = {90FE65EB-8DD2-422B-9DCB-87D9A9D87CDF}
	EndGlobalSection
EndGlobal
